// !$*UTF8*$!
{
	archiveVersion = 1;
	classes = {
	};
	objectVersion = 46;
	objects = {

/* Begin PBXBuildFile section */
		EE07FCA11C2E4582005BFC3E /* AppDelegate.swift in Sources */ = {isa = PBXBuildFile; fileRef = EE07FCA01C2E4582005BFC3E /* AppDelegate.swift */; };
		EE07FCA31C2E4582005BFC3E /* ViewController.swift in Sources */ = {isa = PBXBuildFile; fileRef = EE07FCA21C2E4582005BFC3E /* ViewController.swift */; };
		EE07FCA61C2E4582005BFC3E /* Main.storyboard in Resources */ = {isa = PBXBuildFile; fileRef = EE07FCA41C2E4582005BFC3E /* Main.storyboard */; };
		EE07FCA81C2E4582005BFC3E /* Assets.xcassets in Resources */ = {isa = PBXBuildFile; fileRef = EE07FCA71C2E4582005BFC3E /* Assets.xcassets */; };
		EE07FCAB1C2E4582005BFC3E /* LaunchScreen.storyboard in Resources */ = {isa = PBXBuildFile; fileRef = EE07FCA91C2E4582005BFC3E /* LaunchScreen.storyboard */; };
		EEEDA3811C3A4EA7004115F2 /* 少女时代-TaeTiSeo - Twinkle.mp3 in Resources */ = {isa = PBXBuildFile; fileRef = EEEDA3801C3A4EA7004115F2 /* 少女时代-TaeTiSeo - Twinkle.mp3 */; };
		EEEDA3831C3A4F9A004115F2 /* 嗨.jpg1 in Resources */ = {isa = PBXBuildFile; fileRef = EEEDA3821C3A4F9A004115F2 /* 嗨.jpg1 */; };
/* End PBXBuildFile section */

/* Begin PBXFileReference section */
		EE07FC9D1C2E4582005BFC3E /* jif-audiorecord.app */ = {isa = PBXFileReference; explicitFileType = wrapper.application; includeInIndex = 0; path = "jif-audiorecord.app"; sourceTree = BUILT_PRODUCTS_DIR; };
		EE07FCA01C2E4582005BFC3E /* AppDelegate.swift */ = {isa = PBXFileReference; lastKnownFileType = sourcecode.swift; path = AppDelegate.swift; sourceTree = "<group>"; };
		EE07FCA21C2E4582005BFC3E /* ViewController.swift */ = {isa = PBXFileReference; lastKnownFileType = sourcecode.swift; path = ViewController.swift; sourceTree = "<group>"; };
		EE07FCA51C2E4582005BFC3E /* Base */ = {isa = PBXFileReference; lastKnownFileType = file.storyboard; name = Base; path = Base.lproj/Main.storyboard; sourceTree = "<group>"; };
		EE07FCA71C2E4582005BFC3E /* Assets.xcassets */ = {isa = PBXFileReference; lastKnownFileType = folder.assetcatalog; path = Assets.xcassets; sourceTree = "<group>"; };
		EE07FCAA1C2E4582005BFC3E /* Base */ = {isa = PBXFileReference; lastKnownFileType = file.storyboard; name = Base; path = Base.lproj/LaunchScreen.storyboard; sourceTree = "<group>"; };
		EE07FCAC1C2E4582005BFC3E /* Info.plist */ = {isa = PBXFileReference; lastKnownFileType = text.plist.xml; path = Info.plist; sourceTree = "<group>"; };
		EEEDA3801C3A4EA7004115F2 /* 少女时代-TaeTiSeo - Twinkle.mp3 */ = {isa = PBXFileReference; lastKnownFileType = audio.mp3; path = "少女时代-TaeTiSeo - Twinkle.mp3"; sourceTree = "<group>"; };
		EEEDA3821C3A4F9A004115F2 /* 嗨.jpg1 */ = {isa = PBXFileReference; lastKnownFileType = file; path = "嗨.jpg1"; sourceTree = "<group>"; };
		EEEDA3841C3A5050004115F2 /* aa.pcm */ = {isa = PBXFileReference; lastKnownFileType = file; path = aa.pcm; sourceTree = "<group>"; };
/* End PBXFileReference section */

/* Begin PBXFrameworksBuildPhase section */
		EE07FC9A1C2E4582005BFC3E /* Frameworks */ = {
			isa = PBXFrameworksBuildPhase;
			buildActionMask = 2147483647;
			files = (
			);
			runOnlyForDeploymentPostprocessing = 0;
		};
/* End PBXFrameworksBuildPhase section */

/* Begin PBXGroup section */
		EE07FC941C2E4582005BFC3E = {
			isa = PBXGroup;
			children = (
				EE07FC9F1C2E4582005BFC3E /* jif-audiorecord */,
				EE07FC9E1C2E4582005BFC3E /* Products */,
			);
			sourceTree = "<group>";
		};
		EE07FC9E1C2E4582005BFC3E /* Products */ = {
			isa = PBXGroup;
			children = (
				EE07FC9D1C2E4582005BFC3E /* jif-audiorecord.app */,
			);
			name = Products;
			sourceTree = "<group>";
		};
		EE07FC9F1C2E4582005BFC3E /* jif-audiorecord */ = {
			isa = PBXGroup;
			children = (
				EE07FCA01C2E4582005BFC3E /* AppDelegate.swift */,
				EE07FCA21C2E4582005BFC3E /* ViewController.swift */,
				EE07FCA41C2E4582005BFC3E /* Main.storyboard */,
				EEEDA3821C3A4F9A004115F2 /* 嗨.jpg1 */,
				EEEDA3801C3A4EA7004115F2 /* 少女时代-TaeTiSeo - Twinkle.mp3 */,
				EE07FCA71C2E4582005BFC3E /* Assets.xcassets */,
				EE07FCA91C2E4582005BFC3E /* LaunchScreen.storyboard */,
				EEEDA3841C3A5050004115F2 /* aa.pcm */,
				EE07FCAC1C2E4582005BFC3E /* Info.plist */,
			);
			path = "jif-audiorecord";
			sourceTree = "<group>";
		};
/* End PBXGroup section */

/* Begin PBXNativeTarget section */
		EE07FC9C1C2E4582005BFC3E /* jif-audiorecord */ = {
			isa = PBXNativeTarget;
			buildConfigurationList = EE07FCAF1C2E4582005BFC3E /* Build configuration list for PBXNativeTarget "jif-audiorecord" */;
			buildPhases = (
				EE07FC991C2E4582005BFC3E /* Sources */,
				EE07FC9A1C2E4582005BFC3E /* Frameworks */,
				EE07FC9B1C2E4582005BFC3E /* Resources */,
			);
			buildRules = (
			);
			dependencies = (
			);
			name = "jif-audiorecord";
			productName = "jif-audiorecord";
			productReference = EE07FC9D1C2E4582005BFC3E /* jif-audiorecord.app */;
			productType = "com.apple.product-type.application";
		};
/* End PBXNativeTarget section */

/* Begin PBXProject section */
		EE07FC951C2E4582005BFC3E /* Project object */ = {
			isa = PBXProject;
			attributes = {
				LastSwiftUpdateCheck = 0720;
				LastUpgradeCheck = 0720;
				ORGANIZATIONNAME = "Fei Jin";
				TargetAttributes = {
					EE07FC9C1C2E4582005BFC3E = {
						CreatedOnToolsVersion = 7.2;
					};
				};
			};
			buildConfigurationList = EE07FC981C2E4582005BFC3E /* Build configuration list for PBXProject "jif-audiorecord" */;
			compatibilityVersion = "Xcode 3.2";
			developmentRegion = English;
			hasScannedForEncodings = 0;
			knownRegions = (
				en,
				Base,
			);
			mainGroup = EE07FC941C2E4582005BFC3E;
			productRefGroup = EE07FC9E1C2E4582005BFC3E /* Products */;
			projectDirPath = "";
			projectRoot = "";
			targets = (
				EE07FC9C1C2E4582005BFC3E /* jif-audiorecord */,
			);
		};
/* End PBXProject section */

/* Begin PBXResourcesBuildPhase section */
		EE07FC9B1C2E4582005BFC3E /* Resources */ = {
			isa = PBXResourcesBuildPhase;
			buildActionMask = 2147483647;
			files = (
				EEEDA3811C3A4EA7004115F2 /* 少女时代-TaeTiSeo - Twinkle.mp3 in Resources */,
				EE07FCAB1C2E4582005BFC3E /* LaunchScreen.storyboard in Resources */,
				EEEDA3831C3A4F9A004115F2 /* 嗨.jpg1 in Resources */,
				EE07FCA81C2E4582005BFC3E /* Assets.xcassets in Resources */,
				EE07FCA61C2E4582005BFC3E /* Main.storyboard in Resources */,
			);
			runOnlyForDeploymentPostprocessing = 0;
		};
/* End PBXResourcesBuildPhase section */

/* Begin PBXSourcesBuildPhase section */
		EE07FC991C2E4582005BFC3E /* Sources */ = {
			isa = PBXSourcesBuildPhase;
			buildActionMask = 2147483647;
			files = (
				EE07FCA31C2E4582005BFC3E /* ViewController.swift in Sources */,
				EE07FCA11C2E4582005BFC3E /* AppDelegate.swift in Sources */,
			);
			runOnlyForDeploymentPostprocessing = 0;
		};
/* End PBXSourcesBuildPhase section */

/* Begin PBXVariantGroup section */
		EE07FCA41C2E4582005BFC3E /* Main.storyboard */ = {
			isa = PBXVariantGroup;
			children = (
				EE07FCA51C2E4582005BFC3E /* Base */,
			);
			name = Main.storyboard;
			sourceTree = "<group>";
		};
		EE07FCA91C2E4582005BFC3E /* LaunchScreen.storyboard */ = {
			isa = PBXVariantGroup;
			children = (
				EE07FCAA1C2E4582005BFC3E /* Base */,
			);
			name = LaunchScreen.storyboard;
			sourceTree = "<group>";
		};
/* End PBXVariantGroup section */

/* Begin XCBuildConfiguration section */
		EE07FCAD1C2E4582005BFC3E /* Debug */ = {
			isa = XCBuildConfiguration;
			buildSettings = {
				ALWAYS_SEARCH_USER_PATHS = NO;
				CLANG_CXX_LANGUAGE_STANDARD = "gnu++0x";
				CLANG_CXX_LIBRARY = "libc++";
				CLANG_ENABLE_MODULES = YES;
				CLANG_ENABLE_OBJC_ARC = YES;
				CLANG_WARN_BOOL_CONVERSION = YES;
				CLANG_WARN_CONSTANT_CONVERSION = YES;
				CLANG_WARN_DIRECT_OBJC_ISA_USAGE = YES_ERROR;
				CLANG_WARN_EMPTY_BODY = YES;
				CLANG_WARN_ENUM_CONVERSION = YES;
				CLANG_WARN_INT_CONVERSION = YES;
				CLANG_WARN_OBJC_ROOT_CLASS = YES_ERROR;
				CLANG_WARN_UNREACHABLE_CODE = YES;
				CLANG_WARN__DUPLICATE_METHOD_MATCH = YES;
				"CODE_SIGN_IDENTITY[sdk=iphoneos*]" = "iPhone Developer";
				COPY_PHASE_STRIP = NO;
				DEBUG_INFORMATION_FORMAT = dwarf;
				ENABLE_STRICT_OBJC_MSGSEND = YES;
				ENABLE_TESTABILITY = YES;
				GCC_C_LANGUAGE_STANDARD = gnu99;
				GCC_DYNAMIC_NO_PIC = NO;
				GCC_NO_COMMON_BLOCKS = YES;
				GCC_OPTIMIZATION_LEVEL = 0;
				GCC_PREPROCESSOR_DEFINITIONS = (
					"DEBUG=1",
					"$(inherited)",
				);
				GCC_WARN_64_TO_32_BIT_CONVERSION = YES;
				GCC_WARN_ABOUT_RETURN_TYPE = YES_ERROR;
				GCC_WARN_UNDECLARED_SELECTOR = YES;
				GCC_WARN_UNINITIALIZED_AUTOS = YES_AGGRESSIVE;
				GCC_WARN_UNUSED_FUNCTION = YES;
				GCC_WARN_UNUSED_VARIABLE = YES;
				IPHONEOS_DEPLOYMENT_TARGET = 9.2;
				MTL_ENABLE_DEBUG_INFO = YES;
				ONLY_ACTIVE_ARCH = YES;
				SDKROOT = iphoneos;
				SWIFT_OPTIMIZATION_LEVEL = "-Onone";
				TARGETED_DEVICE_FAMILY = "1,2";
			};
			name = Debug;
		};
		EE07FCAE1C2E4582005BFC3E /* Release */ = {
			isa = XCBuildConfiguration;
			buildSettings = {
				ALWAYS_SEARCH_USER_PATHS = NO;
				CLANG_CXX_LANGUAGE_STANDARD = "gnu++0x";
				CLANG_CXX_LIBRARY = "libc++";
				CLANG_ENABLE_MODULES = YES;
				CLANG_ENABLE_OBJC_ARC = YES;
				CLANG_WARN_BOOL_CONVERSION = YES;
				CLANG_WARN_CONSTANT_CONVERSION = YES;
				CLANG_WARN_DIRECT_OBJC_ISA_USAGE = YES_ERROR;
				CLANG_WARN_EMPTY_BODY = YES;
				CLANG_WARN_ENUM_CONVERSION = YES;
				CLANG_WARN_INT_CONVERSION = YES;
				CLANG_WARN_OBJC_ROOT_CLASS = YES_ERROR;
				CLANG_WARN_UNREACHABLE_CODE = YES;
				CLANG_WARN__DUPLICATE_METHOD_MATCH = YES;
				"CODE_SIGN_IDENTITY[sdk=iphoneos*]" = "iPhone Developer";
				COPY_PHASE_STRIP = NO;
				DEBUG_INFORMATION_FORMAT = "dwarf-with-dsym";
				ENABLE_NS_ASSERTIONS = NO;
				ENABLE_STRICT_OBJC_MSGSEND = YES;
				GCC_C_LANGUAGE_STANDARD = gnu99;
				GCC_NO_COMMON_BLOCKS = YES;
				GCC_WARN_64_TO_32_BIT_CONVERSION = YES;
				GCC_WARN_ABOUT_RETURN_TYPE = YES_ERROR;
				GCC_WARN_UNDECLARED_SELECTOR = YES;
				GCC_WARN_UNINITIALIZED_AUTOS = YES_AGGRESSIVE;
				GCC_WARN_UNUSED_FUNCTION = YES;
				GCC_WARN_UNUSED_VARIABLE = YES;
				IPHONEOS_DEPLOYMENT_TARGET = 9.2;
				MTL_ENABLE_DEBUG_INFO = NO;
				SDKROOT = iphoneos;
				TARGETED_DEVICE_FAMILY = "1,2";
				VALIDATE_PRODUCT = YES;
			};
			name = Release;
		};
		EE07FCB01C2E4582005BFC3E /* Debug */ = {
			isa = XCBuildConfiguration;
			buildSettings = {
				ASSETCATALOG_COMPILER_APPICON_NAME = AppIcon;
				INFOPLIST_FILE = "jif-audiorecord/Info.plist";
				LD_RUNPATH_SEARCH_PATHS = "$(inherited) @executable_path/Frameworks";
				PRODUCT_BUNDLE_IDENTIFIER = "com.bgenius.jif-audiorecord";
				PRODUCT_NAME = "$(TARGET_NAME)";
			};
			name = Debug;
		};
		EE07FCB11C2E4582005BFC3E /* Release */ = {
			isa = XCBuildConfiguration;
			buildSettings = {
				ASSETCATALOG_COMPILER_APPICON_NAME = AppIcon;
				INFOPLIST_FILE = "jif-audiorecord/Info.plist";
				LD_RUNPATH_SEARCH_PATHS = "$(inherited) @executable_path/Frameworks";
				PRODUCT_BUNDLE_IDENTIFIER = "com.bgenius.jif-audiorecord";
				PRODUCT_NAME = "$(TARGET_NAME)";
			};
			name = Release;
		};
/* End XCBuildConfiguration section */

/* Begin XCConfigurationList section */
		EE07FC981C2E4582005BFC3E /* Build configuration list for PBXProject "jif-audiorecord" */ = {
			isa = XCConfigurationList;
			buildConfigurations = (
				EE07FCAD1C2E4582005BFC3E /* Debug */,
				EE07FCAE1C2E4582005BFC3E /* Release */,
			);
			defaultConfigurationIsVisible = 0;
			defaultConfigurationName = Release;
		};
		EE07FCAF1C2E4582005BFC3E /* Build configuration list for PBXNativeTarget "jif-audiorecord" */ = {
			isa = XCConfigurationList;
			buildConfigurations = (
				EE07FCB01C2E4582005BFC3E /* Debug */,
				EE07FCB11C2E4582005BFC3E /* Release */,
			);
			defaultConfigurationIsVisible = 0;
			defaultConfigurationName = Release;
		};
/* End XCConfigurationList section */
	};
	rootObject = EE07FC951C2E4582005BFC3E /* Project object */;
}
